
Microsoft Visual Studio Solution File, Format Version 12.00
# Visual Studio Version 16
VisualStudioVersion = 16.0.30320.27
MinimumVisualStudioVersion = 10.0.40219.1
Project("{9A19103F-16F7-4668-BE54-9A1E7A4F7556}") = "QuizzConsole", "ConsoleQuizz\QuizzConsole.csproj", "{B6EA5FC3-F7BE-4E2E-9146-EBD268913761}"
EndProject
Project("{FAE04EC0-301F-11D3-BF4B-00C04F79EFBC}") = "QuizzForms", "QuizzForms\QuizzForms.csproj", "{401D430F-A74B-44AC-BD99-D238D4868D58}"
EndProject
Project("{FAE04EC0-301F-11D3-BF4B-00C04F79EFBC}") = "QuizzDll", "QuizzDll\QuizzDll.csproj", "{F76C9ECC-5EDB-4514-8AFF-EB396543AB12}"
EndProject
Project("{9A19103F-16F7-4668-BE54-9A1E7A4F7556}") = "QuizzApiConsole", "QuizzApiConsole\QuizzApiConsole.csproj", "{9F7C50E1-61BD-4611-84DB-26937C7EAD93}"
EndProject
Project("{FAE04EC0-301F-11D3-BF4B-00C04F79EFBC}") = "QuizzApi", "QuizzApi\QuizzApi.csproj", "{92EEDAA8-9A6E-4CE7-9E9A-75C042238A99}"
EndProject
Project("{FAE04EC0-301F-11D3-BF4B-00C04F79EFBC}") = "QuizzMVC", "QuizzMVC\QuizzMVC.csproj", "{03B94844-1DA6-4698-B106-BB7CA4192841}"
EndProject
Global
	GlobalSection(SolutionConfigurationPlatforms) = preSolution
		Debug|Any CPU = Debug|Any CPU
		Release|Any CPU = Release|Any CPU
	EndGlobalSection
	GlobalSection(ProjectConfigurationPlatforms) = postSolution
		{B6EA5FC3-F7BE-4E2E-9146-EBD268913761}.Debug|Any CPU.ActiveCfg = Debug|Any CPU
		{B6EA5FC3-F7BE-4E2E-9146-EBD268913761}.Debug|Any CPU.Build.0 = Debug|Any CPU
		{B6EA5FC3-F7BE-4E2E-9146-EBD268913761}.Release|Any CPU.ActiveCfg = Release|Any CPU
		{B6EA5FC3-F7BE-4E2E-9146-EBD268913761}.Release|Any CPU.Build.0 = Release|Any CPU
		{401D430F-A74B-44AC-BD99-D238D4868D58}.Debug|Any CPU.ActiveCfg = Debug|Any CPU
		{401D430F-A74B-44AC-BD99-D238D4868D58}.Debug|Any CPU.Build.0 = Debug|Any CPU
		{401D430F-A74B-44AC-BD99-D238D4868D58}.Release|Any CPU.ActiveCfg = Release|Any CPU
		{401D430F-A74B-44AC-BD99-D238D4868D58}.Release|Any CPU.Build.0 = Release|Any CPU
		{F76C9ECC-5EDB-4514-8AFF-EB396543AB12}.Debug|Any CPU.ActiveCfg = Debug|Any CPU
		{F76C9ECC-5EDB-4514-8AFF-EB396543AB12}.Debug|Any CPU.Build.0 = Debug|Any CPU
		{F76C9ECC-5EDB-4514-8AFF-EB396543AB12}.Release|Any CPU.ActiveCfg = Release|Any CPU
		{F76C9ECC-5EDB-4514-8AFF-EB396543AB12}.Release|Any CPU.Build.0 = Release|Any CPU
		{9F7C50E1-61BD-4611-84DB-26937C7EAD93}.Debug|Any CPU.ActiveCfg = Debug|Any CPU
		{9F7C50E1-61BD-4611-84DB-26937C7EAD93}.Debug|Any CPU.Build.0 = Debug|Any CPU
		{9F7C50E1-61BD-4611-84DB-26937C7EAD93}.Release|Any CPU.ActiveCfg = Release|Any CPU
		{9F7C50E1-61BD-4611-84DB-26937C7EAD93}.Release|Any CPU.Build.0 = Release|Any CPU
		{92EEDAA8-9A6E-4CE7-9E9A-75C042238A99}.Debug|Any CPU.ActiveCfg = Debug|Any CPU
		{92EEDAA8-9A6E-4CE7-9E9A-75C042238A99}.Debug|Any CPU.Build.0 = Debug|Any CPU
		{92EEDAA8-9A6E-4CE7-9E9A-75C042238A99}.Release|Any CPU.ActiveCfg = Release|Any CPU
		{92EEDAA8-9A6E-4CE7-9E9A-75C042238A99}.Release|Any CPU.Build.0 = Release|Any CPU
		{03B94844-1DA6-4698-B106-BB7CA4192841}.Debug|Any CPU.ActiveCfg = Debug|Any CPU
		{03B94844-1DA6-4698-B106-BB7CA4192841}.Debug|Any CPU.Build.0 = Debug|Any CPU
		{03B94844-1DA6-4698-B106-BB7CA4192841}.Release|Any CPU.ActiveCfg = Release|Any CPU
		{03B94844-1DA6-4698-B106-BB7CA4192841}.Release|Any CPU.Build.0 = Release|Any CPU
	EndGlobalSection
	GlobalSection(SolutionProperties) = preSolution
		HideSolutionNode = FALSE
	EndGlobalSection
	GlobalSection(ExtensibilityGlobals) = postSolution
		SolutionGuid = {F8782FB7-1B79-4724-A967-9D342E48FE37}
	EndGlobalSection
EndGlobal
